
Microsoft Visual Studio Solution File, Format Version 12.00
# Visual Studio Version 17
VisualStudioVersion = 17.1.32228.430
MinimumVisualStudioVersion = 10.0.40219.1
Project("{FAE04EC0-301F-11D3-BF4B-00C04F79EFBC}") = "PomodoroApp", "PomodoroApp.csproj", "{EBE9DC1B-247A-49BB-A812-47A9972C1AD0}"
EndProject
Global
	GlobalSection(SolutionConfigurationPlatforms) = preSolution
		Debug|Any CPU = Debug|Any CPU
		Release|Any CPU = Release|Any CPU
	EndGlobalSection
	GlobalSection(ProjectConfigurationPlatforms) = postSolution
		{EBE9DC1B-247A-49BB-A812-47A9972C1AD0}.Debug|Any CPU.ActiveCfg = Debug|Any CPU
		{EBE9DC1B-247A-49BB-A812-47A9972C1AD0}.Debug|Any CPU.Build.0 = Debug|Any CPU
		{EBE9DC1B-247A-49BB-A812-47A9972C1AD0}.Release|Any CPU.ActiveCfg = Release|Any CPU
		{EBE9DC1B-247A-49BB-A812-47A9972C1AD0}.Release|Any CPU.Build.0 = Release|Any CPU
	EndGlobalSection
	GlobalSection(SolutionProperties) = preSolution
		HideSolutionNode = FALSE
	EndGlobalSection
	GlobalSection(ExtensibilityGlobals) = postSolution
		SolutionGuid = {708C2D19-6B5C-45C4-B583-2CA459A7A702}
	EndGlobalSection
EndGlobal
